
Microsoft Visual Studio Solution File, Format Version 12.00
# Visual Studio Version 17
VisualStudioVersion = 17.1.32328.378
MinimumVisualStudioVersion = 10.0.40219.1
Project("{FAE04EC0-301F-11D3-BF4B-00C04F79EFBC}") = "Jurnal08_1302200022", "Jurnal08_1302200022\Jurnal08_1302200022.csproj", "{74BE08A3-8B1F-477E-BB4E-20006D455D7E}"
EndProject
Global
	GlobalSection(SolutionConfigurationPlatforms) = preSolution
		Debug|Any CPU = Debug|Any CPU
		Release|Any CPU = Release|Any CPU
	EndGlobalSection
	GlobalSection(ProjectConfigurationPlatforms) = postSolution
		{74BE08A3-8B1F-477E-BB4E-20006D455D7E}.Debug|Any CPU.ActiveCfg = Debug|Any CPU
		{74BE08A3-8B1F-477E-BB4E-20006D455D7E}.Debug|Any CPU.Build.0 = Debug|Any CPU
		{74BE08A3-8B1F-477E-BB4E-20006D455D7E}.Release|Any CPU.ActiveCfg = Release|Any CPU
		{74BE08A3-8B1F-477E-BB4E-20006D455D7E}.Release|Any CPU.Build.0 = Release|Any CPU
	EndGlobalSection
	GlobalSection(SolutionProperties) = preSolution
		HideSolutionNode = FALSE
	EndGlobalSection
	GlobalSection(ExtensibilityGlobals) = postSolution
		SolutionGuid = {AA91ED38-C0EA-4671-8218-E5CF6D0ACEEF}
	EndGlobalSection
EndGlobal
